
Microsoft Visual Studio Solution File, Format Version 12.00
# Visual Studio Version 16
VisualStudioVersion = 16.0.29709.97
MinimumVisualStudioVersion = 10.0.40219.1
Project("{FAE04EC0-301F-11D3-BF4B-00C04F79EFBC}") = "RemoteCommand", "RemoteCommand.csproj", "{B07554D1-87D0-409C-A1EA-71D3F437651B}"
EndProject
Project("{FAE04EC0-301F-11D3-BF4B-00C04F79EFBC}") = "Sleeper", "..\Sleeper\Sleeper.csproj", "{DC1920DA-7991-42BB-BE5E-B7E186B7B581}"
EndProject
Global
	GlobalSection(SolutionConfigurationPlatforms) = preSolution
		Debug|Any CPU = Debug|Any CPU
		Release|Any CPU = Release|Any CPU
	EndGlobalSection
	GlobalSection(ProjectConfigurationPlatforms) = postSolution
		{B07554D1-87D0-409C-A1EA-71D3F437651B}.Debug|Any CPU.ActiveCfg = Debug|Any CPU
		{B07554D1-87D0-409C-A1EA-71D3F437651B}.Debug|Any CPU.Build.0 = Debug|Any CPU
		{B07554D1-87D0-409C-A1EA-71D3F437651B}.Release|Any CPU.ActiveCfg = Release|Any CPU
		{B07554D1-87D0-409C-A1EA-71D3F437651B}.Release|Any CPU.Build.0 = Release|Any CPU
		{DC1920DA-7991-42BB-BE5E-B7E186B7B581}.Debug|Any CPU.ActiveCfg = Debug|Any CPU
		{DC1920DA-7991-42BB-BE5E-B7E186B7B581}.Debug|Any CPU.Build.0 = Debug|Any CPU
		{DC1920DA-7991-42BB-BE5E-B7E186B7B581}.Release|Any CPU.ActiveCfg = Release|Any CPU
		{DC1920DA-7991-42BB-BE5E-B7E186B7B581}.Release|Any CPU.Build.0 = Release|Any CPU
	EndGlobalSection
	GlobalSection(SolutionProperties) = preSolution
		HideSolutionNode = FALSE
	EndGlobalSection
	GlobalSection(ExtensibilityGlobals) = postSolution
		SolutionGuid = {7C5F36BB-4C80-41A2-B0C7-784F982A9C60}
	EndGlobalSection
EndGlobal
